
Microsoft Visual Studio Solution File, Format Version 12.00
# Visual Studio 2012
Project("{FAE04EC0-301F-11D3-BF4B-00C04F79EFBC}") = "trainingservice.import.vdo", "trainingservice.import.vdo\trainingservice.import.vdo.csproj", "{B7D985A1-307D-4BC9-8F10-9B3921BAE169}"
EndProject
Project("{FAE04EC0-301F-11D3-BF4B-00C04F79EFBC}") = "trainingservice.import.core", "trainingservice.import.core\trainingservice.import.core.csproj", "{CC73B654-A62F-45EE-A82A-07381AB315B2}"
EndProject
Project("{FAE04EC0-301F-11D3-BF4B-00C04F79EFBC}") = "trainingservice.import.vdo.test", "trainingservice.import.vdo.test\trainingservice.import.vdo.test.csproj", "{F8FED5AC-4A84-4958-8250-E3421F367235}"
EndProject
Global
	GlobalSection(SolutionConfigurationPlatforms) = preSolution
		Debug|Any CPU = Debug|Any CPU
		Debug|x86 = Debug|x86
		Release|Any CPU = Release|Any CPU
		Release|x86 = Release|x86
	EndGlobalSection
	GlobalSection(ProjectConfigurationPlatforms) = postSolution
		{B7D985A1-307D-4BC9-8F10-9B3921BAE169}.Debug|Any CPU.ActiveCfg = Debug|Any CPU
		{B7D985A1-307D-4BC9-8F10-9B3921BAE169}.Debug|Any CPU.Build.0 = Debug|Any CPU
		{B7D985A1-307D-4BC9-8F10-9B3921BAE169}.Debug|x86.ActiveCfg = Debug|x86
		{B7D985A1-307D-4BC9-8F10-9B3921BAE169}.Debug|x86.Build.0 = Debug|x86
		{B7D985A1-307D-4BC9-8F10-9B3921BAE169}.Release|Any CPU.ActiveCfg = Release|Any CPU
		{B7D985A1-307D-4BC9-8F10-9B3921BAE169}.Release|Any CPU.Build.0 = Release|Any CPU
		{B7D985A1-307D-4BC9-8F10-9B3921BAE169}.Release|x86.ActiveCfg = Release|x86
		{B7D985A1-307D-4BC9-8F10-9B3921BAE169}.Release|x86.Build.0 = Release|x86
		{CC73B654-A62F-45EE-A82A-07381AB315B2}.Debug|Any CPU.ActiveCfg = Debug|Any CPU
		{CC73B654-A62F-45EE-A82A-07381AB315B2}.Debug|Any CPU.Build.0 = Debug|Any CPU
		{CC73B654-A62F-45EE-A82A-07381AB315B2}.Debug|x86.ActiveCfg = Debug|Any CPU
		{CC73B654-A62F-45EE-A82A-07381AB315B2}.Release|Any CPU.ActiveCfg = Release|Any CPU
		{CC73B654-A62F-45EE-A82A-07381AB315B2}.Release|Any CPU.Build.0 = Release|Any CPU
		{CC73B654-A62F-45EE-A82A-07381AB315B2}.Release|x86.ActiveCfg = Release|Any CPU
		{F8FED5AC-4A84-4958-8250-E3421F367235}.Debug|Any CPU.ActiveCfg = Debug|Any CPU
		{F8FED5AC-4A84-4958-8250-E3421F367235}.Debug|Any CPU.Build.0 = Debug|Any CPU
		{F8FED5AC-4A84-4958-8250-E3421F367235}.Debug|x86.ActiveCfg = Debug|Any CPU
		{F8FED5AC-4A84-4958-8250-E3421F367235}.Release|Any CPU.ActiveCfg = Release|Any CPU
		{F8FED5AC-4A84-4958-8250-E3421F367235}.Release|Any CPU.Build.0 = Release|Any CPU
		{F8FED5AC-4A84-4958-8250-E3421F367235}.Release|x86.ActiveCfg = Release|Any CPU
	EndGlobalSection
	GlobalSection(SolutionProperties) = preSolution
		HideSolutionNode = FALSE
	EndGlobalSection
EndGlobal
